
Microsoft Visual Studio Solution File, Format Version 12.00
# Visual Studio Version 17
VisualStudioVersion = 17.7.34221.43
MinimumVisualStudioVersion = 10.0.40219.1
Project("{9A19103F-16F7-4668-BE54-9A1E7A4F7556}") = "CoreDemo", "CoreDemo\CoreDemo.csproj", "{54C57B0A-5146-4F53-B33A-60779CFECADC}"
EndProject
Project("{FAE04EC0-301F-11D3-BF4B-00C04F79EFBC}") = "EntityLayer", "EntityLayer\EntityLayer.csproj", "{6D9C2B87-9F39-4579-B94D-A73F07DD441A}"
EndProject
Project("{FAE04EC0-301F-11D3-BF4B-00C04F79EFBC}") = "DataAccessLayer", "DataAccessLayer\DataAccessLayer.csproj", "{404D1971-DD5B-48D2-AB6C-1FADAB94144E}"
EndProject
Project("{FAE04EC0-301F-11D3-BF4B-00C04F79EFBC}") = "BusinessLayer", "BusinessLayer\BusinessLayer.csproj", "{4092ACE1-F0DC-4B72-9304-E6914A2A1559}"
EndProject
Project("{FAE04EC0-301F-11D3-BF4B-00C04F79EFBC}") = "CoreLayer", "CoreLayer\CoreLayer.csproj", "{DA682F17-8BAF-4BE2-B754-FDEC476A2379}"
EndProject
Global
	GlobalSection(SolutionConfigurationPlatforms) = preSolution
		Debug|Any CPU = Debug|Any CPU
		Release|Any CPU = Release|Any CPU
	EndGlobalSection
	GlobalSection(ProjectConfigurationPlatforms) = postSolution
		{54C57B0A-5146-4F53-B33A-60779CFECADC}.Debug|Any CPU.ActiveCfg = Debug|Any CPU
		{54C57B0A-5146-4F53-B33A-60779CFECADC}.Debug|Any CPU.Build.0 = Debug|Any CPU
		{54C57B0A-5146-4F53-B33A-60779CFECADC}.Release|Any CPU.ActiveCfg = Release|Any CPU
		{54C57B0A-5146-4F53-B33A-60779CFECADC}.Release|Any CPU.Build.0 = Release|Any CPU
		{6D9C2B87-9F39-4579-B94D-A73F07DD441A}.Debug|Any CPU.ActiveCfg = Debug|Any CPU
		{6D9C2B87-9F39-4579-B94D-A73F07DD441A}.Debug|Any CPU.Build.0 = Debug|Any CPU
		{6D9C2B87-9F39-4579-B94D-A73F07DD441A}.Release|Any CPU.ActiveCfg = Release|Any CPU
		{6D9C2B87-9F39-4579-B94D-A73F07DD441A}.Release|Any CPU.Build.0 = Release|Any CPU
		{404D1971-DD5B-48D2-AB6C-1FADAB94144E}.Debug|Any CPU.ActiveCfg = Debug|Any CPU
		{404D1971-DD5B-48D2-AB6C-1FADAB94144E}.Debug|Any CPU.Build.0 = Debug|Any CPU
		{404D1971-DD5B-48D2-AB6C-1FADAB94144E}.Release|Any CPU.ActiveCfg = Release|Any CPU
		{404D1971-DD5B-48D2-AB6C-1FADAB94144E}.Release|Any CPU.Build.0 = Release|Any CPU
		{4092ACE1-F0DC-4B72-9304-E6914A2A1559}.Debug|Any CPU.ActiveCfg = Debug|Any CPU
		{4092ACE1-F0DC-4B72-9304-E6914A2A1559}.Debug|Any CPU.Build.0 = Debug|Any CPU
		{4092ACE1-F0DC-4B72-9304-E6914A2A1559}.Release|Any CPU.ActiveCfg = Release|Any CPU
		{4092ACE1-F0DC-4B72-9304-E6914A2A1559}.Release|Any CPU.Build.0 = Release|Any CPU
		{DA682F17-8BAF-4BE2-B754-FDEC476A2379}.Debug|Any CPU.ActiveCfg = Debug|Any CPU
		{DA682F17-8BAF-4BE2-B754-FDEC476A2379}.Debug|Any CPU.Build.0 = Debug|Any CPU
		{DA682F17-8BAF-4BE2-B754-FDEC476A2379}.Release|Any CPU.ActiveCfg = Release|Any CPU
		{DA682F17-8BAF-4BE2-B754-FDEC476A2379}.Release|Any CPU.Build.0 = Release|Any CPU
	EndGlobalSection
	GlobalSection(SolutionProperties) = preSolution
		HideSolutionNode = FALSE
	EndGlobalSection
	GlobalSection(ExtensibilityGlobals) = postSolution
		SolutionGuid = {95DC6939-F89A-4157-9EDB-05EEECC3FD71}
	EndGlobalSection
EndGlobal
